// !$*UTF8*$!
{
	archiveVersion = 1;
	classes = {
	};
	objectVersion = 46;
	objects = {

/* Begin PBXBuildFile section */
		5E46F30E1501BA0E003E84CB /* UIKit.framework in Frameworks */ = {isa = PBXBuildFile; fileRef = 5E46F30D1501BA0E003E84CB /* UIKit.framework */; };
		5E46F3101501BA0E003E84CB /* Foundation.framework in Frameworks */ = {isa = PBXBuildFile; fileRef = 5E46F30F1501BA0E003E84CB /* Foundation.framework */; };
		5E46F3121501BA0E003E84CB /* CoreGraphics.framework in Frameworks */ = {isa = PBXBuildFile; fileRef = 5E46F3111501BA0E003E84CB /* CoreGraphics.framework */; };
		5E46F3181501BA0E003E84CB /* InfoPlist.strings in Resources */ = {isa = PBXBuildFile; fileRef = 5E46F3161501BA0E003E84CB /* InfoPlist.strings */; };
		5E46F31A1501BA0E003E84CB /* main.m in Sources */ = {isa = PBXBuildFile; fileRef = 5E46F3191501BA0E003E84CB /* main.m */; };
		5E46F31E1501BA0E003E84CB /* CHDAppDelegate.m in Sources */ = {isa = PBXBuildFile; fileRef = 5E46F31D1501BA0E003E84CB /* CHDAppDelegate.m */; };
		5E46F3211501BA0E003E84CB /* CHDViewController.m in Sources */ = {isa = PBXBuildFile; fileRef = 5E46F3201501BA0E003E84CB /* CHDViewController.m */; };
		5E46F3241501BA0E003E84CB /* CHDViewController.xib in Resources */ = {isa = PBXBuildFile; fileRef = 5E46F3221501BA0E003E84CB /* CHDViewController.xib */; };
/* End PBXBuildFile section */

/* Begin PBXFileReference section */
		5E46F3091501BA0E003E84CB /* ChariotDay.app */ = {isa = PBXFileReference; explicitFileType = wrapper.application; includeInIndex = 0; path = ChariotDay.app; sourceTree = BUILT_PRODUCTS_DIR; };
		5E46F30D1501BA0E003E84CB /* UIKit.framework */ = {isa = PBXFileReference; lastKnownFileType = wrapper.framework; name = UIKit.framework; path = System/Library/Frameworks/UIKit.framework; sourceTree = SDKROOT; };
		5E46F30F1501BA0E003E84CB /* Foundation.framework */ = {isa = PBXFileReference; lastKnownFileType = wrapper.framework; name = Foundation.framework; path = System/Library/Frameworks/Foundation.framework; sourceTree = SDKROOT; };
		5E46F3111501BA0E003E84CB /* CoreGraphics.framework */ = {isa = PBXFileReference; lastKnownFileType = wrapper.framework; name = CoreGraphics.framework; path = System/Library/Frameworks/CoreGraphics.framework; sourceTree = SDKROOT; };
		5E46F3151501BA0E003E84CB /* ChariotDay-Info.plist */ = {isa = PBXFileReference; path = "ChariotDay-Info.plist"; sourceTree = "<group>"; };
		5E46F3171501BA0E003E84CB /* en */ = {isa = PBXFileReference; lastKnownFileType = text.plist.strings; name = en; path = en.lproj/InfoPlist.strings; sourceTree = "<group>"; };
		5E46F3191501BA0E003E84CB /* main.m */ = {isa = PBXFileReference; lastKnownFileType = sourcecode.c.objc; path = main.m; sourceTree = "<group>"; };
		5E46F31B1501BA0E003E84CB /* ChariotDay-Prefix.pch */ = {isa = PBXFileReference; path = "ChariotDay-Prefix.pch"; sourceTree = "<group>"; };
		5E46F31C1501BA0E003E84CB /* CHDAppDelegate.h */ = {isa = PBXFileReference; path = CHDAppDelegate.h; sourceTree = "<group>"; };
		5E46F31D1501BA0E003E84CB /* CHDAppDelegate.m */ = {isa = PBXFileReference; lastKnownFileType = sourcecode.c.objc; path = CHDAppDelegate.m; sourceTree = "<group>"; };
		5E46F31F1501BA0E003E84CB /* CHDViewController.h */ = {isa = PBXFileReference; path = CHDViewController.h; sourceTree = "<group>"; };
		5E46F3201501BA0E003E84CB /* CHDViewController.m */ = {isa = PBXFileReference; lastKnownFileType = sourcecode.c.objc; path = CHDViewController.m; sourceTree = "<group>"; };
		5E46F3231501BA0E003E84CB /* en */ = {isa = PBXFileReference; lastKnownFileType = file.xib; name = en; path = en.lproj/CHDViewController.xib; sourceTree = "<group>"; };
/* End PBXFileReference section */

/* Begin PBXFrameworksBuildPhase section */
		5E46F3061501BA0E003E84CB /* Frameworks */ = {
			isa = PBXFrameworksBuildPhase;
			buildActionMask = 2147483647;
			files = (
				5E46F30E1501BA0E003E84CB /* UIKit.framework in Frameworks */,
				5E46F3101501BA0E003E84CB /* Foundation.framework in Frameworks */,
				5E46F3121501BA0E003E84CB /* CoreGraphics.framework in Frameworks */,
			);
			runOnlyForDeploymentPostprocessing = 0;
		};
/* End PBXFrameworksBuildPhase section */

/* Begin PBXGroup section */
		5E46F2FE1501BA0E003E84CB = {
			isa = PBXGroup;
			children = (
				5E46F3131501BA0E003E84CB /* ChariotDay */,
				5E46F30C1501BA0E003E84CB /* Frameworks */,
				5E46F30A1501BA0E003E84CB /* Products */,
			);
			sourceTree = "<group>";
		};
		5E46F30A1501BA0E003E84CB /* Products */ = {
			isa = PBXGroup;
			children = (
				5E46F3091501BA0E003E84CB /* ChariotDay.app */,
			);
			name = Products;
			sourceTree = "<group>";
		};
		5E46F30C1501BA0E003E84CB /* Frameworks */ = {
			isa = PBXGroup;
			children = (
				5E46F30D1501BA0E003E84CB /* UIKit.framework */,
				5E46F30F1501BA0E003E84CB /* Foundation.framework */,
				5E46F3111501BA0E003E84CB /* CoreGraphics.framework */,
			);
			name = Frameworks;
			sourceTree = "<group>";
		};
		5E46F3131501BA0E003E84CB /* ChariotDay */ = {
			isa = PBXGroup;
			children = (
				5E46F31C1501BA0E003E84CB /* CHDAppDelegate.h */,
				5E46F31D1501BA0E003E84CB /* CHDAppDelegate.m */,
				5E46F31F1501BA0E003E84CB /* CHDViewController.h */,
				5E46F3201501BA0E003E84CB /* CHDViewController.m */,
				5E46F3221501BA0E003E84CB /* CHDViewController.xib */,
				5E46F3141501BA0E003E84CB /* Supporting Files */,
			);
			path = ChariotDay;
			sourceTree = "<group>";
		};
		5E46F3141501BA0E003E84CB /* Supporting Files */ = {
			isa = PBXGroup;
			children = (
				5E46F3151501BA0E003E84CB /* ChariotDay-Info.plist */,
				5E46F3161501BA0E003E84CB /* InfoPlist.strings */,
				5E46F3191501BA0E003E84CB /* main.m */,
				5E46F31B1501BA0E003E84CB /* ChariotDay-Prefix.pch */,
			);
			name = "Supporting Files";
			sourceTree = "<group>";
		};
/* End PBXGroup section */

/* Begin PBXNativeTarget section */
		5E46F3081501BA0E003E84CB /* ChariotDay */ = {
			isa = PBXNativeTarget;
			buildConfigurationList = 5E46F3271501BA0E003E84CB /* Build configuration list for PBXNativeTarget "ChariotDay" */;
			buildPhases = (
				5E46F3051501BA0E003E84CB /* Sources */,
				5E46F3061501BA0E003E84CB /* Frameworks */,
				5E46F3071501BA0E003E84CB /* Resources */,
			);
			buildRules = (
			);
			dependencies = (
			);
			name = ChariotDay;
			productName = ChariotDay;
			productReference = 5E46F3091501BA0E003E84CB /* ChariotDay.app */;
			productType = "com.apple.product-type.application";
		};
/* End PBXNativeTarget section */

/* Begin PBXProject section */
		5E46F3001501BA0E003E84CB /* Project object */ = {
			isa = PBXProject;
			attributes = {
				LastUpgradeCheck = 0420;
			};
			buildConfigurationList = 5E46F3031501BA0E003E84CB /* Build configuration list for PBXProject "ChariotDay" */;
			compatibilityVersion = "Xcode 3.2";
			developmentRegion = English;
			hasScannedForEncodings = 0;
			knownRegions = (
				en,
			);
			mainGroup = 5E46F2FE1501BA0E003E84CB;
			productRefGroup = 5E46F30A1501BA0E003E84CB /* Products */;
			projectDirPath = "";
			projectRoot = "";
			targets = (
				5E46F3081501BA0E003E84CB /* ChariotDay */,
			);
		};
/* End PBXProject section */

/* Begin PBXResourcesBuildPhase section */
		5E46F3071501BA0E003E84CB /* Resources */ = {
			isa = PBXResourcesBuildPhase;
			buildActionMask = 2147483647;
			files = (
				5E46F3181501BA0E003E84CB /* InfoPlist.strings in Resources */,
				5E46F3241501BA0E003E84CB /* CHDViewController.xib in Resources */,
			);
			runOnlyForDeploymentPostprocessing = 0;
		};
/* End PBXResourcesBuildPhase section */

/* Begin PBXSourcesBuildPhase section */
		5E46F3051501BA0E003E84CB /* Sources */ = {
			isa = PBXSourcesBuildPhase;
			buildActionMask = 2147483647;
			files = (
				5E46F31A1501BA0E003E84CB /* main.m in Sources */,
				5E46F31E1501BA0E003E84CB /* CHDAppDelegate.m in Sources */,
				5E46F3211501BA0E003E84CB /* CHDViewController.m in Sources */,
			);
			runOnlyForDeploymentPostprocessing = 0;
		};
/* End PBXSourcesBuildPhase section */

/* Begin PBXVariantGroup section */
		5E46F3161501BA0E003E84CB /* InfoPlist.strings */ = {
			isa = PBXVariantGroup;
			children = (
				5E46F3171501BA0E003E84CB /* en */,
			);
			name = InfoPlist.strings;
			sourceTree = "<group>";
		};
		5E46F3221501BA0E003E84CB /* CHDViewController.xib */ = {
			isa = PBXVariantGroup;
			children = (
				5E46F3231501BA0E003E84CB /* en */,
			);
			name = CHDViewController.xib;
			sourceTree = "<group>";
		};
/* End PBXVariantGroup section */

/* Begin XCBuildConfiguration section */
		5E46F3251501BA0E003E84CB /* Debug */ = {
			isa = XCBuildConfiguration;
			buildSettings = {
				ALWAYS_SEARCH_USER_PATHS = NO;
				ARCHS = "$(ARCHS_STANDARD_32_BIT)";
				CLANG_ENABLE_OBJC_ARC = YES;
				"CODE_SIGN_IDENTITY[sdk=iphoneos*]" = "iPhone Developer";
				COPY_PHASE_STRIP = NO;
				GCC_C_LANGUAGE_STANDARD = gnu99;
				GCC_DYNAMIC_NO_PIC = NO;
				GCC_OPTIMIZATION_LEVEL = 0;
				GCC_PREPROCESSOR_DEFINITIONS = (
					"DEBUG=1",
					"$(inherited)",
				);
				GCC_SYMBOLS_PRIVATE_EXTERN = NO;
				GCC_VERSION = com.apple.compilers.llvm.clang.1_0;
				GCC_WARN_ABOUT_MISSING_PROTOTYPES = YES;
				GCC_WARN_ABOUT_RETURN_TYPE = YES;
				GCC_WARN_UNUSED_VARIABLE = YES;
				IPHONEOS_DEPLOYMENT_TARGET = 5.0;
				SDKROOT = iphoneos;
			};
			name = Debug;
		};
		5E46F3261501BA0E003E84CB /* Release */ = {
			isa = XCBuildConfiguration;
			buildSettings = {
				ALWAYS_SEARCH_USER_PATHS = NO;
				ARCHS = "$(ARCHS_STANDARD_32_BIT)";
				CLANG_ENABLE_OBJC_ARC = YES;
				"CODE_SIGN_IDENTITY[sdk=iphoneos*]" = "iPhone Developer";
				COPY_PHASE_STRIP = YES;
				GCC_C_LANGUAGE_STANDARD = gnu99;
				GCC_VERSION = com.apple.compilers.llvm.clang.1_0;
				GCC_WARN_ABOUT_MISSING_PROTOTYPES = YES;
				GCC_WARN_ABOUT_RETURN_TYPE = YES;
				GCC_WARN_UNUSED_VARIABLE = YES;
				IPHONEOS_DEPLOYMENT_TARGET = 5.0;
				OTHER_CFLAGS = "-DNS_BLOCK_ASSERTIONS=1";
				SDKROOT = iphoneos;
				VALIDATE_PRODUCT = YES;
			};
			name = Release;
		};
		5E46F3281501BA0E003E84CB /* Debug */ = {
			isa = XCBuildConfiguration;
			buildSettings = {
				GCC_PRECOMPILE_PREFIX_HEADER = YES;
				GCC_PREFIX_HEADER = "ChariotDay/ChariotDay-Prefix.pch";
				INFOPLIST_FILE = "ChariotDay/ChariotDay-Info.plist";
				PRODUCT_NAME = "$(TARGET_NAME)";
				WRAPPER_EXTENSION = app;
			};
			name = Debug;
		};
		5E46F3291501BA0E003E84CB /* Release */ = {
			isa = XCBuildConfiguration;
			buildSettings = {
				GCC_PRECOMPILE_PREFIX_HEADER = YES;
				GCC_PREFIX_HEADER = "ChariotDay/ChariotDay-Prefix.pch";
				INFOPLIST_FILE = "ChariotDay/ChariotDay-Info.plist";
				PRODUCT_NAME = "$(TARGET_NAME)";
				WRAPPER_EXTENSION = app;
			};
			name = Release;
		};
/* End XCBuildConfiguration section */

/* Begin XCConfigurationList section */
		5E46F3031501BA0E003E84CB /* Build configuration list for PBXProject "ChariotDay" */ = {
			isa = XCConfigurationList;
			buildConfigurations = (
				5E46F3251501BA0E003E84CB /* Debug */,
				5E46F3261501BA0E003E84CB /* Release */,
			);
			defaultConfigurationIsVisible = 0;
			defaultConfigurationName = Release;
		};
		5E46F3271501BA0E003E84CB /* Build configuration list for PBXNativeTarget "ChariotDay" */ = {
			isa = XCConfigurationList;
			buildConfigurations = (
				5E46F3281501BA0E003E84CB /* Debug */,
				5E46F3291501BA0E003E84CB /* Release */,
			);
			defaultConfigurationIsVisible = 0;
		};
/* End XCConfigurationList section */
	};
	rootObject = 5E46F3001501BA0E003E84CB /* Project object */;
}
